
Microsoft Visual Studio Solution File, Format Version 12.00
Project("{FAE04EC0-301F-11D3-BF4B-00C04F79EFBC}") = "AISW", "AISW\AISW.csproj", "{437FF2A8-1551-4026-9EC4-3F63119D7C6A}"
EndProject
Global
	GlobalSection(SolutionConfigurationPlatforms) = preSolution
		Debug|Any CPU = Debug|Any CPU
		Release|Any CPU = Release|Any CPU
	EndGlobalSection
	GlobalSection(ProjectConfigurationPlatforms) = postSolution
		{437FF2A8-1551-4026-9EC4-3F63119D7C6A}.Debug|Any CPU.ActiveCfg = Debug|Any CPU
		{437FF2A8-1551-4026-9EC4-3F63119D7C6A}.Debug|Any CPU.Build.0 = Debug|Any CPU
		{437FF2A8-1551-4026-9EC4-3F63119D7C6A}.Release|Any CPU.ActiveCfg = Release|Any CPU
		{437FF2A8-1551-4026-9EC4-3F63119D7C6A}.Release|Any CPU.Build.0 = Release|Any CPU
	EndGlobalSection
EndGlobal
